
Microsoft Visual Studio Solution File, Format Version 12.00
# Visual Studio 2012
Project("{FAE04EC0-301F-11D3-BF4B-00C04F79EFBC}") = "FindDupicateNumberTest", "FindDupicateNumberTest\FindDupicateNumberTest.csproj", "{76CCE035-DE7D-4785-AF08-199CC224D6FD}"
EndProject
Project("{FAE04EC0-301F-11D3-BF4B-00C04F79EFBC}") = "MyExtend", "MyExtend\MyExtend.csproj", "{3AA05B45-679C-423D-A7E4-913E5239F254}"
EndProject
Global
	GlobalSection(SolutionConfigurationPlatforms) = preSolution
		Debug|Any CPU = Debug|Any CPU
		Release|Any CPU = Release|Any CPU
	EndGlobalSection
	GlobalSection(ProjectConfigurationPlatforms) = postSolution
		{76CCE035-DE7D-4785-AF08-199CC224D6FD}.Debug|Any CPU.ActiveCfg = Debug|Any CPU
		{76CCE035-DE7D-4785-AF08-199CC224D6FD}.Debug|Any CPU.Build.0 = Debug|Any CPU
		{76CCE035-DE7D-4785-AF08-199CC224D6FD}.Release|Any CPU.ActiveCfg = Release|Any CPU
		{76CCE035-DE7D-4785-AF08-199CC224D6FD}.Release|Any CPU.Build.0 = Release|Any CPU
		{3AA05B45-679C-423D-A7E4-913E5239F254}.Debug|Any CPU.ActiveCfg = Debug|Any CPU
		{3AA05B45-679C-423D-A7E4-913E5239F254}.Debug|Any CPU.Build.0 = Debug|Any CPU
		{3AA05B45-679C-423D-A7E4-913E5239F254}.Release|Any CPU.ActiveCfg = Release|Any CPU
		{3AA05B45-679C-423D-A7E4-913E5239F254}.Release|Any CPU.Build.0 = Release|Any CPU
	EndGlobalSection
EndGlobal
